// !$*UTF8*$!
{
	archiveVersion = 1;
	classes = {
	};
	objectVersion = 48;
	objects = {

/* Begin PBXBuildFile section */
		585D943C1FD49C7A00F076A4 /* AppDelegate.swift in Sources */ = {isa = PBXBuildFile; fileRef = 585D943B1FD49C7A00F076A4 /* AppDelegate.swift */; };
		585D943E1FD49C7A00F076A4 /* ViewController.swift in Sources */ = {isa = PBXBuildFile; fileRef = 585D943D1FD49C7A00F076A4 /* ViewController.swift */; };
		585D94411FD49C7A00F076A4 /* Main.storyboard in Resources */ = {isa = PBXBuildFile; fileRef = 585D943F1FD49C7A00F076A4 /* Main.storyboard */; };
		585D94441FD49C7A00F076A4 /* EyesOnCrops.xcdatamodeld in Sources */ = {isa = PBXBuildFile; fileRef = 585D94421FD49C7A00F076A4 /* EyesOnCrops.xcdatamodeld */; };
		585D94461FD49C7A00F076A4 /* Assets.xcassets in Resources */ = {isa = PBXBuildFile; fileRef = 585D94451FD49C7A00F076A4 /* Assets.xcassets */; };
		585D94491FD49C7A00F076A4 /* LaunchScreen.storyboard in Resources */ = {isa = PBXBuildFile; fileRef = 585D94471FD49C7A00F076A4 /* LaunchScreen.storyboard */; };
		585D94541FD49C7A00F076A4 /* EyesOnCropsTests.swift in Sources */ = {isa = PBXBuildFile; fileRef = 585D94531FD49C7A00F076A4 /* EyesOnCropsTests.swift */; };
		585D945F1FD49C7B00F076A4 /* EyesOnCropsUITests.swift in Sources */ = {isa = PBXBuildFile; fileRef = 585D945E1FD49C7B00F076A4 /* EyesOnCropsUITests.swift */; };
/* End PBXBuildFile section */

/* Begin PBXContainerItemProxy section */
		585D94501FD49C7A00F076A4 /* PBXContainerItemProxy */ = {
			isa = PBXContainerItemProxy;
			containerPortal = 585D94301FD49C7A00F076A4 /* Project object */;
			proxyType = 1;
			remoteGlobalIDString = 585D94371FD49C7A00F076A4;
			remoteInfo = EyesOnCrops;
		};
		585D945B1FD49C7B00F076A4 /* PBXContainerItemProxy */ = {
			isa = PBXContainerItemProxy;
			containerPortal = 585D94301FD49C7A00F076A4 /* Project object */;
			proxyType = 1;
			remoteGlobalIDString = 585D94371FD49C7A00F076A4;
			remoteInfo = EyesOnCrops;
		};
/* End PBXContainerItemProxy section */

/* Begin PBXFileReference section */
		585D94381FD49C7A00F076A4 /* EyesOnCrops.app */ = {isa = PBXFileReference; explicitFileType = wrapper.application; includeInIndex = 0; path = EyesOnCrops.app; sourceTree = BUILT_PRODUCTS_DIR; };
		585D943B1FD49C7A00F076A4 /* AppDelegate.swift */ = {isa = PBXFileReference; lastKnownFileType = sourcecode.swift; path = AppDelegate.swift; sourceTree = "<group>"; };
		585D943D1FD49C7A00F076A4 /* ViewController.swift */ = {isa = PBXFileReference; lastKnownFileType = sourcecode.swift; path = ViewController.swift; sourceTree = "<group>"; };
		585D94401FD49C7A00F076A4 /* Base */ = {isa = PBXFileReference; lastKnownFileType = file.storyboard; name = Base; path = Base.lproj/Main.storyboard; sourceTree = "<group>"; };
		585D94431FD49C7A00F076A4 /* EyesOnCrops.xcdatamodel */ = {isa = PBXFileReference; lastKnownFileType = wrapper.xcdatamodel; path = EyesOnCrops.xcdatamodel; sourceTree = "<group>"; };
		585D94451FD49C7A00F076A4 /* Assets.xcassets */ = {isa = PBXFileReference; lastKnownFileType = folder.assetcatalog; path = Assets.xcassets; sourceTree = "<group>"; };
		585D94481FD49C7A00F076A4 /* Base */ = {isa = PBXFileReference; lastKnownFileType = file.storyboard; name = Base; path = Base.lproj/LaunchScreen.storyboard; sourceTree = "<group>"; };
		585D944A1FD49C7A00F076A4 /* Info.plist */ = {isa = PBXFileReference; lastKnownFileType = text.plist.xml; path = Info.plist; sourceTree = "<group>"; };
		585D944F1FD49C7A00F076A4 /* EyesOnCropsTests.xctest */ = {isa = PBXFileReference; explicitFileType = wrapper.cfbundle; includeInIndex = 0; path = EyesOnCropsTests.xctest; sourceTree = BUILT_PRODUCTS_DIR; };
		585D94531FD49C7A00F076A4 /* EyesOnCropsTests.swift */ = {isa = PBXFileReference; lastKnownFileType = sourcecode.swift; path = EyesOnCropsTests.swift; sourceTree = "<group>"; };
		585D94551FD49C7A00F076A4 /* Info.plist */ = {isa = PBXFileReference; lastKnownFileType = text.plist.xml; path = Info.plist; sourceTree = "<group>"; };
		585D945A1FD49C7B00F076A4 /* EyesOnCropsUITests.xctest */ = {isa = PBXFileReference; explicitFileType = wrapper.cfbundle; includeInIndex = 0; path = EyesOnCropsUITests.xctest; sourceTree = BUILT_PRODUCTS_DIR; };
		585D945E1FD49C7B00F076A4 /* EyesOnCropsUITests.swift */ = {isa = PBXFileReference; lastKnownFileType = sourcecode.swift; path = EyesOnCropsUITests.swift; sourceTree = "<group>"; };
		585D94601FD49C7B00F076A4 /* Info.plist */ = {isa = PBXFileReference; lastKnownFileType = text.plist.xml; path = Info.plist; sourceTree = "<group>"; };
/* End PBXFileReference section */

/* Begin PBXFrameworksBuildPhase section */
		585D94351FD49C7A00F076A4 /* Frameworks */ = {
			isa = PBXFrameworksBuildPhase;
			buildActionMask = 2147483647;
			files = (
			);
			runOnlyForDeploymentPostprocessing = 0;
		};
		585D944C1FD49C7A00F076A4 /* Frameworks */ = {
			isa = PBXFrameworksBuildPhase;
			buildActionMask = 2147483647;
			files = (
			);
			runOnlyForDeploymentPostprocessing = 0;
		};
		585D94571FD49C7B00F076A4 /* Frameworks */ = {
			isa = PBXFrameworksBuildPhase;
			buildActionMask = 2147483647;
			files = (
			);
			runOnlyForDeploymentPostprocessing = 0;
		};
/* End PBXFrameworksBuildPhase section */

/* Begin PBXGroup section */
		585D942F1FD49C7A00F076A4 = {
			isa = PBXGroup;
			children = (
				585D943A1FD49C7A00F076A4 /* EyesOnCrops */,
				585D94521FD49C7A00F076A4 /* EyesOnCropsTests */,
				585D945D1FD49C7B00F076A4 /* EyesOnCropsUITests */,
				585D94391FD49C7A00F076A4 /* Products */,
			);
			sourceTree = "<group>";
		};
		585D94391FD49C7A00F076A4 /* Products */ = {
			isa = PBXGroup;
			children = (
				585D94381FD49C7A00F076A4 /* EyesOnCrops.app */,
				585D944F1FD49C7A00F076A4 /* EyesOnCropsTests.xctest */,
				585D945A1FD49C7B00F076A4 /* EyesOnCropsUITests.xctest */,
			);
			name = Products;
			sourceTree = "<group>";
		};
		585D943A1FD49C7A00F076A4 /* EyesOnCrops */ = {
			isa = PBXGroup;
			children = (
				585D943B1FD49C7A00F076A4 /* AppDelegate.swift */,
				585D943D1FD49C7A00F076A4 /* ViewController.swift */,
				585D943F1FD49C7A00F076A4 /* Main.storyboard */,
				585D94451FD49C7A00F076A4 /* Assets.xcassets */,
				585D94471FD49C7A00F076A4 /* LaunchScreen.storyboard */,
				585D944A1FD49C7A00F076A4 /* Info.plist */,
				585D94421FD49C7A00F076A4 /* EyesOnCrops.xcdatamodeld */,
			);
			path = EyesOnCrops;
			sourceTree = "<group>";
		};
		585D94521FD49C7A00F076A4 /* EyesOnCropsTests */ = {
			isa = PBXGroup;
			children = (
				585D94531FD49C7A00F076A4 /* EyesOnCropsTests.swift */,
				585D94551FD49C7A00F076A4 /* Info.plist */,
			);
			path = EyesOnCropsTests;
			sourceTree = "<group>";
		};
		585D945D1FD49C7B00F076A4 /* EyesOnCropsUITests */ = {
			isa = PBXGroup;
			children = (
				585D945E1FD49C7B00F076A4 /* EyesOnCropsUITests.swift */,
				585D94601FD49C7B00F076A4 /* Info.plist */,
			);
			path = EyesOnCropsUITests;
			sourceTree = "<group>";
		};
/* End PBXGroup section */

/* Begin PBXNativeTarget section */
		585D94371FD49C7A00F076A4 /* EyesOnCrops */ = {
			isa = PBXNativeTarget;
			buildConfigurationList = 585D94631FD49C7B00F076A4 /* Build configuration list for PBXNativeTarget "EyesOnCrops" */;
			buildPhases = (
				585D94341FD49C7A00F076A4 /* Sources */,
				585D94351FD49C7A00F076A4 /* Frameworks */,
				585D94361FD49C7A00F076A4 /* Resources */,
			);
			buildRules = (
			);
			dependencies = (
			);
			name = EyesOnCrops;
			productName = EyesOnCrops;
			productReference = 585D94381FD49C7A00F076A4 /* EyesOnCrops.app */;
			productType = "com.apple.product-type.application";
		};
		585D944E1FD49C7A00F076A4 /* EyesOnCropsTests */ = {
			isa = PBXNativeTarget;
			buildConfigurationList = 585D94661FD49C7B00F076A4 /* Build configuration list for PBXNativeTarget "EyesOnCropsTests" */;
			buildPhases = (
				585D944B1FD49C7A00F076A4 /* Sources */,
				585D944C1FD49C7A00F076A4 /* Frameworks */,
				585D944D1FD49C7A00F076A4 /* Resources */,
			);
			buildRules = (
			);
			dependencies = (
				585D94511FD49C7A00F076A4 /* PBXTargetDependency */,
			);
			name = EyesOnCropsTests;
			productName = EyesOnCropsTests;
			productReference = 585D944F1FD49C7A00F076A4 /* EyesOnCropsTests.xctest */;
			productType = "com.apple.product-type.bundle.unit-test";
		};
		585D94591FD49C7B00F076A4 /* EyesOnCropsUITests */ = {
			isa = PBXNativeTarget;
			buildConfigurationList = 585D94691FD49C7B00F076A4 /* Build configuration list for PBXNativeTarget "EyesOnCropsUITests" */;
			buildPhases = (
				585D94561FD49C7B00F076A4 /* Sources */,
				585D94571FD49C7B00F076A4 /* Frameworks */,
				585D94581FD49C7B00F076A4 /* Resources */,
			);
			buildRules = (
			);
			dependencies = (
				585D945C1FD49C7B00F076A4 /* PBXTargetDependency */,
			);
			name = EyesOnCropsUITests;
			productName = EyesOnCropsUITests;
			productReference = 585D945A1FD49C7B00F076A4 /* EyesOnCropsUITests.xctest */;
			productType = "com.apple.product-type.bundle.ui-testing";
		};
/* End PBXNativeTarget section */

/* Begin PBXProject section */
		585D94301FD49C7A00F076A4 /* Project object */ = {
			isa = PBXProject;
			attributes = {
				LastSwiftUpdateCheck = 0910;
				LastUpgradeCheck = 0910;
				ORGANIZATIONNAME = "Yogesh Kohli";
				TargetAttributes = {
					585D94371FD49C7A00F076A4 = {
						CreatedOnToolsVersion = 9.1;
						ProvisioningStyle = Automatic;
					};
					585D944E1FD49C7A00F076A4 = {
						CreatedOnToolsVersion = 9.1;
						ProvisioningStyle = Automatic;
						TestTargetID = 585D94371FD49C7A00F076A4;
					};
					585D94591FD49C7B00F076A4 = {
						CreatedOnToolsVersion = 9.1;
						ProvisioningStyle = Automatic;
						TestTargetID = 585D94371FD49C7A00F076A4;
					};
				};
			};
			buildConfigurationList = 585D94331FD49C7A00F076A4 /* Build configuration list for PBXProject "EyesOnCrops" */;
			compatibilityVersion = "Xcode 8.0";
			developmentRegion = en;
			hasScannedForEncodings = 0;
			knownRegions = (
				en,
				Base,
			);
			mainGroup = 585D942F1FD49C7A00F076A4;
			productRefGroup = 585D94391FD49C7A00F076A4 /* Products */;
			projectDirPath = "";
			projectRoot = "";
			targets = (
				585D94371FD49C7A00F076A4 /* EyesOnCrops */,
				585D944E1FD49C7A00F076A4 /* EyesOnCropsTests */,
				585D94591FD49C7B00F076A4 /* EyesOnCropsUITests */,
			);
		};
/* End PBXProject section */

/* Begin PBXResourcesBuildPhase section */
		585D94361FD49C7A00F076A4 /* Resources */ = {
			isa = PBXResourcesBuildPhase;
			buildActionMask = 2147483647;
			files = (
				585D94491FD49C7A00F076A4 /* LaunchScreen.storyboard in Resources */,
				585D94461FD49C7A00F076A4 /* Assets.xcassets in Resources */,
				585D94411FD49C7A00F076A4 /* Main.storyboard in Resources */,
			);
			runOnlyForDeploymentPostprocessing = 0;
		};
		585D944D1FD49C7A00F076A4 /* Resources */ = {
			isa = PBXResourcesBuildPhase;
			buildActionMask = 2147483647;
			files = (
			);
			runOnlyForDeploymentPostprocessing = 0;
		};
		585D94581FD49C7B00F076A4 /* Resources */ = {
			isa = PBXResourcesBuildPhase;
			buildActionMask = 2147483647;
			files = (
			);
			runOnlyForDeploymentPostprocessing = 0;
		};
/* End PBXResourcesBuildPhase section */

/* Begin PBXSourcesBuildPhase section */
		585D94341FD49C7A00F076A4 /* Sources */ = {
			isa = PBXSourcesBuildPhase;
			buildActionMask = 2147483647;
			files = (
				585D94441FD49C7A00F076A4 /* EyesOnCrops.xcdatamodeld in Sources */,
				585D943E1FD49C7A00F076A4 /* ViewController.swift in Sources */,
				585D943C1FD49C7A00F076A4 /* AppDelegate.swift in Sources */,
			);
			runOnlyForDeploymentPostprocessing = 0;
		};
		585D944B1FD49C7A00F076A4 /* Sources */ = {
			isa = PBXSourcesBuildPhase;
			buildActionMask = 2147483647;
			files = (
				585D94541FD49C7A00F076A4 /* EyesOnCropsTests.swift in Sources */,
			);
			runOnlyForDeploymentPostprocessing = 0;
		};
		585D94561FD49C7B00F076A4 /* Sources */ = {
			isa = PBXSourcesBuildPhase;
			buildActionMask = 2147483647;
			files = (
				585D945F1FD49C7B00F076A4 /* EyesOnCropsUITests.swift in Sources */,
			);
			runOnlyForDeploymentPostprocessing = 0;
		};
/* End PBXSourcesBuildPhase section */

/* Begin PBXTargetDependency section */
		585D94511FD49C7A00F076A4 /* PBXTargetDependency */ = {
			isa = PBXTargetDependency;
			target = 585D94371FD49C7A00F076A4 /* EyesOnCrops */;
			targetProxy = 585D94501FD49C7A00F076A4 /* PBXContainerItemProxy */;
		};
		585D945C1FD49C7B00F076A4 /* PBXTargetDependency */ = {
			isa = PBXTargetDependency;
			target = 585D94371FD49C7A00F076A4 /* EyesOnCrops */;
			targetProxy = 585D945B1FD49C7B00F076A4 /* PBXContainerItemProxy */;
		};
/* End PBXTargetDependency section */

/* Begin PBXVariantGroup section */
		585D943F1FD49C7A00F076A4 /* Main.storyboard */ = {
			isa = PBXVariantGroup;
			children = (
				585D94401FD49C7A00F076A4 /* Base */,
			);
			name = Main.storyboard;
			sourceTree = "<group>";
		};
		585D94471FD49C7A00F076A4 /* LaunchScreen.storyboard */ = {
			isa = PBXVariantGroup;
			children = (
				585D94481FD49C7A00F076A4 /* Base */,
			);
			name = LaunchScreen.storyboard;
			sourceTree = "<group>";
		};
/* End PBXVariantGroup section */

/* Begin XCBuildConfiguration section */
		585D94611FD49C7B00F076A4 /* Debug */ = {
			isa = XCBuildConfiguration;
			buildSettings = {
				ALWAYS_SEARCH_USER_PATHS = NO;
				CLANG_ANALYZER_NONNULL = YES;
				CLANG_ANALYZER_NUMBER_OBJECT_CONVERSION = YES_AGGRESSIVE;
				CLANG_CXX_LANGUAGE_STANDARD = "gnu++14";
				CLANG_CXX_LIBRARY = "libc++";
				CLANG_ENABLE_MODULES = YES;
				CLANG_ENABLE_OBJC_ARC = YES;
				CLANG_WARN_BLOCK_CAPTURE_AUTORELEASING = YES;
				CLANG_WARN_BOOL_CONVERSION = YES;
				CLANG_WARN_COMMA = YES;
				CLANG_WARN_CONSTANT_CONVERSION = YES;
				CLANG_WARN_DIRECT_OBJC_ISA_USAGE = YES_ERROR;
				CLANG_WARN_DOCUMENTATION_COMMENTS = YES;
				CLANG_WARN_EMPTY_BODY = YES;
				CLANG_WARN_ENUM_CONVERSION = YES;
				CLANG_WARN_INFINITE_RECURSION = YES;
				CLANG_WARN_INT_CONVERSION = YES;
				CLANG_WARN_NON_LITERAL_NULL_CONVERSION = YES;
				CLANG_WARN_OBJC_LITERAL_CONVERSION = YES;
				CLANG_WARN_OBJC_ROOT_CLASS = YES_ERROR;
				CLANG_WARN_RANGE_LOOP_ANALYSIS = YES;
				CLANG_WARN_STRICT_PROTOTYPES = YES;
				CLANG_WARN_SUSPICIOUS_MOVE = YES;
				CLANG_WARN_UNGUARDED_AVAILABILITY = YES_AGGRESSIVE;
				CLANG_WARN_UNREACHABLE_CODE = YES;
				CLANG_WARN__DUPLICATE_METHOD_MATCH = YES;
				CODE_SIGN_IDENTITY = "iPhone Developer";
				COPY_PHASE_STRIP = NO;
				DEBUG_INFORMATION_FORMAT = dwarf;
				ENABLE_STRICT_OBJC_MSGSEND = YES;
				ENABLE_TESTABILITY = YES;
				GCC_C_LANGUAGE_STANDARD = gnu11;
				GCC_DYNAMIC_NO_PIC = NO;
				GCC_NO_COMMON_BLOCKS = YES;
				GCC_OPTIMIZATION_LEVEL = 0;
				GCC_PREPROCESSOR_DEFINITIONS = (
					"DEBUG=1",
					"$(inherited)",
				);
				GCC_WARN_64_TO_32_BIT_CONVERSION = YES;
				GCC_WARN_ABOUT_RETURN_TYPE = YES_ERROR;
				GCC_WARN_UNDECLARED_SELECTOR = YES;
				GCC_WARN_UNINITIALIZED_AUTOS = YES_AGGRESSIVE;
				GCC_WARN_UNUSED_FUNCTION = YES;
				GCC_WARN_UNUSED_VARIABLE = YES;
				IPHONEOS_DEPLOYMENT_TARGET = 11.1;
				MTL_ENABLE_DEBUG_INFO = YES;
				ONLY_ACTIVE_ARCH = YES;
				SDKROOT = iphoneos;
				SWIFT_ACTIVE_COMPILATION_CONDITIONS = DEBUG;
				SWIFT_OPTIMIZATION_LEVEL = "-Onone";
			};
			name = Debug;
		};
		585D94621FD49C7B00F076A4 /* Release */ = {
			isa = XCBuildConfiguration;
			buildSettings = {
				ALWAYS_SEARCH_USER_PATHS = NO;
				CLANG_ANALYZER_NONNULL = YES;
				CLANG_ANALYZER_NUMBER_OBJECT_CONVERSION = YES_AGGRESSIVE;
				CLANG_CXX_LANGUAGE_STANDARD = "gnu++14";
				CLANG_CXX_LIBRARY = "libc++";
				CLANG_ENABLE_MODULES = YES;
				CLANG_ENABLE_OBJC_ARC = YES;
				CLANG_WARN_BLOCK_CAPTURE_AUTORELEASING = YES;
				CLANG_WARN_BOOL_CONVERSION = YES;
				CLANG_WARN_COMMA = YES;
				CLANG_WARN_CONSTANT_CONVERSION = YES;
				CLANG_WARN_DIRECT_OBJC_ISA_USAGE = YES_ERROR;
				CLANG_WARN_DOCUMENTATION_COMMENTS = YES;
				CLANG_WARN_EMPTY_BODY = YES;
				CLANG_WARN_ENUM_CONVERSION = YES;
				CLANG_WARN_INFINITE_RECURSION = YES;
				CLANG_WARN_INT_CONVERSION = YES;
				CLANG_WARN_NON_LITERAL_NULL_CONVERSION = YES;
				CLANG_WARN_OBJC_LITERAL_CONVERSION = YES;
				CLANG_WARN_OBJC_ROOT_CLASS = YES_ERROR;
				CLANG_WARN_RANGE_LOOP_ANALYSIS = YES;
				CLANG_WARN_STRICT_PROTOTYPES = YES;
				CLANG_WARN_SUSPICIOUS_MOVE = YES;
				CLANG_WARN_UNGUARDED_AVAILABILITY = YES_AGGRESSIVE;
				CLANG_WARN_UNREACHABLE_CODE = YES;
				CLANG_WARN__DUPLICATE_METHOD_MATCH = YES;
				CODE_SIGN_IDENTITY = "iPhone Developer";
				COPY_PHASE_STRIP = NO;
				DEBUG_INFORMATION_FORMAT = "dwarf-with-dsym";
				ENABLE_NS_ASSERTIONS = NO;
				ENABLE_STRICT_OBJC_MSGSEND = YES;
				GCC_C_LANGUAGE_STANDARD = gnu11;
				GCC_NO_COMMON_BLOCKS = YES;
				GCC_WARN_64_TO_32_BIT_CONVERSION = YES;
				GCC_WARN_ABOUT_RETURN_TYPE = YES_ERROR;
				GCC_WARN_UNDECLARED_SELECTOR = YES;
				GCC_WARN_UNINITIALIZED_AUTOS = YES_AGGRESSIVE;
				GCC_WARN_UNUSED_FUNCTION = YES;
				GCC_WARN_UNUSED_VARIABLE = YES;
				IPHONEOS_DEPLOYMENT_TARGET = 11.1;
				MTL_ENABLE_DEBUG_INFO = NO;
				SDKROOT = iphoneos;
				SWIFT_OPTIMIZATION_LEVEL = "-Owholemodule";
				VALIDATE_PRODUCT = YES;
			};
			name = Release;
		};
		585D94641FD49C7B00F076A4 /* Debug */ = {
			isa = XCBuildConfiguration;
			buildSettings = {
				ASSETCATALOG_COMPILER_APPICON_NAME = AppIcon;
				CODE_SIGN_STYLE = Automatic;
				INFOPLIST_FILE = EyesOnCrops/Info.plist;
				LD_RUNPATH_SEARCH_PATHS = "$(inherited) @executable_path/Frameworks";
				PRODUCT_BUNDLE_IDENTIFIER = com.Yogesh.EyesOnCrops;
				PRODUCT_NAME = "$(TARGET_NAME)";
				SWIFT_VERSION = 4.0;
				TARGETED_DEVICE_FAMILY = "1,2";
			};
			name = Debug;
		};
		585D94651FD49C7B00F076A4 /* Release */ = {
			isa = XCBuildConfiguration;
			buildSettings = {
				ASSETCATALOG_COMPILER_APPICON_NAME = AppIcon;
				CODE_SIGN_STYLE = Automatic;
				INFOPLIST_FILE = EyesOnCrops/Info.plist;
				LD_RUNPATH_SEARCH_PATHS = "$(inherited) @executable_path/Frameworks";
				PRODUCT_BUNDLE_IDENTIFIER = com.Yogesh.EyesOnCrops;
				PRODUCT_NAME = "$(TARGET_NAME)";
				SWIFT_VERSION = 4.0;
				TARGETED_DEVICE_FAMILY = "1,2";
			};
			name = Release;
		};
		585D94671FD49C7B00F076A4 /* Debug */ = {
			isa = XCBuildConfiguration;
			buildSettings = {
				ALWAYS_EMBED_SWIFT_STANDARD_LIBRARIES = YES;
				BUNDLE_LOADER = "$(TEST_HOST)";
				CODE_SIGN_STYLE = Automatic;
				INFOPLIST_FILE = EyesOnCropsTests/Info.plist;
				LD_RUNPATH_SEARCH_PATHS = "$(inherited) @executable_path/Frameworks @loader_path/Frameworks";
				PRODUCT_BUNDLE_IDENTIFIER = com.Yogesh.EyesOnCropsTests;
				PRODUCT_NAME = "$(TARGET_NAME)";
				SWIFT_VERSION = 4.0;
				TARGETED_DEVICE_FAMILY = "1,2";
				TEST_HOST = "$(BUILT_PRODUCTS_DIR)/EyesOnCrops.app/EyesOnCrops";
			};
			name = Debug;
		};
		585D94681FD49C7B00F076A4 /* Release */ = {
			isa = XCBuildConfiguration;
			buildSettings = {
				ALWAYS_EMBED_SWIFT_STANDARD_LIBRARIES = YES;
				BUNDLE_LOADER = "$(TEST_HOST)";
				CODE_SIGN_STYLE = Automatic;
				INFOPLIST_FILE = EyesOnCropsTests/Info.plist;
				LD_RUNPATH_SEARCH_PATHS = "$(inherited) @executable_path/Frameworks @loader_path/Frameworks";
				PRODUCT_BUNDLE_IDENTIFIER = com.Yogesh.EyesOnCropsTests;
				PRODUCT_NAME = "$(TARGET_NAME)";
				SWIFT_VERSION = 4.0;
				TARGETED_DEVICE_FAMILY = "1,2";
				TEST_HOST = "$(BUILT_PRODUCTS_DIR)/EyesOnCrops.app/EyesOnCrops";
			};
			name = Release;
		};
		585D946A1FD49C7B00F076A4 /* Debug */ = {
			isa = XCBuildConfiguration;
			buildSettings = {
				ALWAYS_EMBED_SWIFT_STANDARD_LIBRARIES = YES;
				CODE_SIGN_STYLE = Automatic;
				INFOPLIST_FILE = EyesOnCropsUITests/Info.plist;
				LD_RUNPATH_SEARCH_PATHS = "$(inherited) @executable_path/Frameworks @loader_path/Frameworks";
				PRODUCT_BUNDLE_IDENTIFIER = com.Yogesh.EyesOnCropsUITests;
				PRODUCT_NAME = "$(TARGET_NAME)";
				SWIFT_VERSION = 4.0;
				TARGETED_DEVICE_FAMILY = "1,2";
				TEST_TARGET_NAME = EyesOnCrops;
			};
			name = Debug;
		};
		585D946B1FD49C7B00F076A4 /* Release */ = {
			isa = XCBuildConfiguration;
			buildSettings = {
				ALWAYS_EMBED_SWIFT_STANDARD_LIBRARIES = YES;
				CODE_SIGN_STYLE = Automatic;
				INFOPLIST_FILE = EyesOnCropsUITests/Info.plist;
				LD_RUNPATH_SEARCH_PATHS = "$(inherited) @executable_path/Frameworks @loader_path/Frameworks";
				PRODUCT_BUNDLE_IDENTIFIER = com.Yogesh.EyesOnCropsUITests;
				PRODUCT_NAME = "$(TARGET_NAME)";
				SWIFT_VERSION = 4.0;
				TARGETED_DEVICE_FAMILY = "1,2";
				TEST_TARGET_NAME = EyesOnCrops;
			};
			name = Release;
		};
/* End XCBuildConfiguration section */

/* Begin XCConfigurationList section */
		585D94331FD49C7A00F076A4 /* Build configuration list for PBXProject "EyesOnCrops" */ = {
			isa = XCConfigurationList;
			buildConfigurations = (
				585D94611FD49C7B00F076A4 /* Debug */,
				585D94621FD49C7B00F076A4 /* Release */,
			);
			defaultConfigurationIsVisible = 0;
			defaultConfigurationName = Release;
		};
		585D94631FD49C7B00F076A4 /* Build configuration list for PBXNativeTarget "EyesOnCrops" */ = {
			isa = XCConfigurationList;
			buildConfigurations = (
				585D94641FD49C7B00F076A4 /* Debug */,
				585D94651FD49C7B00F076A4 /* Release */,
			);
			defaultConfigurationIsVisible = 0;
			defaultConfigurationName = Release;
		};
		585D94661FD49C7B00F076A4 /* Build configuration list for PBXNativeTarget "EyesOnCropsTests" */ = {
			isa = XCConfigurationList;
			buildConfigurations = (
				585D94671FD49C7B00F076A4 /* Debug */,
				585D94681FD49C7B00F076A4 /* Release */,
			);
			defaultConfigurationIsVisible = 0;
			defaultConfigurationName = Release;
		};
		585D94691FD49C7B00F076A4 /* Build configuration list for PBXNativeTarget "EyesOnCropsUITests" */ = {
			isa = XCConfigurationList;
			buildConfigurations = (
				585D946A1FD49C7B00F076A4 /* Debug */,
				585D946B1FD49C7B00F076A4 /* Release */,
			);
			defaultConfigurationIsVisible = 0;
			defaultConfigurationName = Release;
		};
/* End XCConfigurationList section */

/* Begin XCVersionGroup section */
		585D94421FD49C7A00F076A4 /* EyesOnCrops.xcdatamodeld */ = {
			isa = XCVersionGroup;
			children = (
				585D94431FD49C7A00F076A4 /* EyesOnCrops.xcdatamodel */,
			);
			currentVersion = 585D94431FD49C7A00F076A4 /* EyesOnCrops.xcdatamodel */;
			path = EyesOnCrops.xcdatamodeld;
			sourceTree = "<group>";
			versionGroupType = wrapper.xcdatamodel;
		};
/* End XCVersionGroup section */
	};
	rootObject = 585D94301FD49C7A00F076A4 /* Project object */;
}
